{
  "generated": "2026-09-11",
  "note": "Every vendored file is pinned by commit and content hash. scripts/sync_upstream.py verifies these hashes and reports drift; the weekly workflow opens a pull request when an upstream moves. Nothing here is executed without a human reading the diff first.",
  "sources": [
    {
      "repo": "addyosmani/web-quality-skills",
      "url": "https://github.com/addyosmani/web-quality-skills",
      "license": "MIT",
      "commit": "afa8da942115f2961fdbfa80807ea0b232ff6c00",
      "pinned_at": "2026-09-11",
      "why": "Core Web Vitals and performance guidance the model reads when judging modules B and D. Content only: no code from this project is executed.",
      "files": {
        "LICENSE": "c122223ac43e86421958e18623979942c21b642951e2e3736dcb63eff13587c3",
        "skills/core-web-vitals/SKILL.md": "731aa78c0347e8b3e191b75962175bee058ce73817278e610ac0fe546e685914",
        "skills/performance/SKILL.md": "b0c220185d88c61f7770eb127d8facf86c86d2dd1fd82b86e15a4965a0137265",
        "skills/seo/SKILL.md": "57cd16566c2c706186b643644dec2884da89c42f296843364c65a40a4d566ae6"
      }
    },
    {
      "repo": "agricidaniel/claude-seo",
      "url": "https://github.com/agricidaniel/claude-seo",
      "license": "MIT",
      "commit": "92795530b4cc92c6bf7a2435b82c15b003e71181",
      "pinned_at": "2026-09-11",
      "why": "The cross-platform launcher discovery approach in scripts/siteseo is adapted from this project's scripts/claude-seo. No file from it is executed by siteseo; the licence is kept because the approach is derived from their work and the attribution is owed.",
      "files": {
        "LICENSE": "a42b3b0253cecea9af810c5207a67b0be8c9a0cfbf52b9302c3d26b063e7a86b"
      }
    }
  ]
}
